
Microsoft Visual Studio Solution File, Format Version 12.00
# Visual Studio Version 17
VisualStudioVersion = 17.0.31903.59
MinimumVisualStudioVersion = 10.0.40219.1
Project("{9A19103F-16F7-4668-BE54-9A1E7A4F7556}") = "web", "web\web.csproj", "{6A050881-4E0C-4F88-835B-73E460FE952E}"
EndProject
Global
	GlobalSection(SolutionConfigurationPlatforms) = preSolution
		Debug|Any CPU = Debug|Any CPU
		Release|Any CPU = Release|Any CPU
	EndGlobalSection
	GlobalSection(ProjectConfigurationPlatforms) = postSolution
		{6A050881-4E0C-4F88-835B-73E460FE952E}.Debug|Any CPU.ActiveCfg = Debug|Any CPU
		{6A050881-4E0C-4F88-835B-73E460FE952E}.Debug|Any CPU.Build.0 = Debug|Any CPU
		{6A050881-4E0C-4F88-835B-73E460FE952E}.Release|Any CPU.ActiveCfg = Release|Any CPU
		{6A050881-4E0C-4F88-835B-73E460FE952E}.Release|Any CPU.Build.0 = Release|Any CPU
	EndGlobalSection
	GlobalSection(SolutionProperties) = preSolution
		HideSolutionNode = FALSE
	EndGlobalSection
	GlobalSection(ExtensibilityGlobals) = postSolution
		SolutionGuid = {C99C2993-6123-446A-885E-637CA9ECC248}
	EndGlobalSection
EndGlobal
